
Microsoft Visual Studio Solution File, Format Version 12.00
Project("{FAE04EC0-301F-11D3-BF4B-00C04F79EFBC}") = "DiceRollSimApp", "DiceRollSimApp\DiceRollSimApp.csproj", "{24DD1C7E-6104-4F3D-80C1-3DA29434F059}"
EndProject
Global
	GlobalSection(SolutionConfigurationPlatforms) = preSolution
		Debug|Any CPU = Debug|Any CPU
		Release|Any CPU = Release|Any CPU
	EndGlobalSection
	GlobalSection(ProjectConfigurationPlatforms) = postSolution
		{24DD1C7E-6104-4F3D-80C1-3DA29434F059}.Debug|Any CPU.ActiveCfg = Debug|Any CPU
		{24DD1C7E-6104-4F3D-80C1-3DA29434F059}.Debug|Any CPU.Build.0 = Debug|Any CPU
		{24DD1C7E-6104-4F3D-80C1-3DA29434F059}.Release|Any CPU.ActiveCfg = Release|Any CPU
		{24DD1C7E-6104-4F3D-80C1-3DA29434F059}.Release|Any CPU.Build.0 = Release|Any CPU
	EndGlobalSection
EndGlobal
